// !$*UTF8*$!
{
	archiveVersion = 1;
	classes = {
	};
	objectVersion = 56;
	objects = {

/* Begin PBXBuildFile section */
		7614C0DD2CE2FC1A005F0F99 /* PalindromeChecker.swift in Sources */ = {isa = PBXBuildFile; fileRef = 7614C0DC2CE2FC1A005F0F99 /* PalindromeChecker.swift */; };
		761570902D05FB350069C323 /* swiftlint in Frameworks */ = {isa = PBXBuildFile; productRef = 7615708F2D05FB350069C323 /* swiftlint */; };
		761570982D072F410069C323 /* SelectionSort.swift in Sources */ = {isa = PBXBuildFile; fileRef = 761570972D072F410069C323 /* SelectionSort.swift */; };
		7618A0E22CEB7F3D00E64E44 /* LinkedListRemoveDuplicate.swift in Sources */ = {isa = PBXBuildFile; fileRef = 7618A0E12CEB7F3D00E64E44 /* LinkedListRemoveDuplicate.swift */; };
		761FA2C12CFF1D3200D8B054 /* BinaryTree.swift in Sources */ = {isa = PBXBuildFile; fileRef = 761FA2C02CFF1D3200D8B054 /* BinaryTree.swift */; };
		761FA2CC2CFF247D00D8B054 /* README.md in Resources */ = {isa = PBXBuildFile; fileRef = 761FA2CB2CFF247C00D8B054 /* README.md */; };
		761FA2CE2CFF33D300D8B054 /* EvaluateExpression.swift in Sources */ = {isa = PBXBuildFile; fileRef = 761FA2CD2CFF33D300D8B054 /* EvaluateExpression.swift */; };
		7623932A2CF5F77B00F98205 /* MinimumWaitingTime.swift in Sources */ = {isa = PBXBuildFile; fileRef = 762393292CF5F77B00F98205 /* MinimumWaitingTime.swift */; };
		7642B8C62D09B24B00D52E60 /* FindClosestValue.swift in Sources */ = {isa = PBXBuildFile; fileRef = 7642B8C52D09B24B00D52E60 /* FindClosestValue.swift */; };
		7642B8C82D09CC1F00D52E60 /* BSTConstruction.swift in Sources */ = {isa = PBXBuildFile; fileRef = 7642B8C72D09CC1F00D52E60 /* BSTConstruction.swift */; };
		764974662CE779030062B5FF /* DepthFirstSearch.swift in Sources */ = {isa = PBXBuildFile; fileRef = 764974652CE779030062B5FF /* DepthFirstSearch.swift */; };
		766148252CFD412000D25C99 /* NodeDepths.swift in Sources */ = {isa = PBXBuildFile; fileRef = 766148242CFD412000D25C99 /* NodeDepths.swift */; };
		767CE11D2CF94F96007B8B75 /* OptimalFreelancing.swift in Sources */ = {isa = PBXBuildFile; fileRef = 767CE11C2CF94F96007B8B75 /* OptimalFreelancing.swift */; };
		76824BD22CF411A500985AD2 /* ClassPhoto.swift in Sources */ = {isa = PBXBuildFile; fileRef = 76824BD12CF411A500985AD2 /* ClassPhoto.swift */; };
		7695B97B2CE61CCD00336050 /* TwoNumberSum.swift in Sources */ = {isa = PBXBuildFile; fileRef = 7695B97A2CE61CCD00336050 /* TwoNumberSum.swift */; };
		76A3F8E32CF69C0B00833BFB /* InsertionSort.swift in Sources */ = {isa = PBXBuildFile; fileRef = 76A3F8E22CF69C0B00833BFB /* InsertionSort.swift */; };
		76BEEB322CF0B7D500C97275 /* Fibonacci.swift in Sources */ = {isa = PBXBuildFile; fileRef = 76BEEB312CF0B7D400C97275 /* Fibonacci.swift */; };
		76C61F682CDFFE4700B2AE31 /* AlgoPlayground.framework in Frameworks */ = {isa = PBXBuildFile; fileRef = 76C61F5F2CDFFE4700B2AE31 /* AlgoPlayground.framework */; };
		76C61F6E2CDFFE4700B2AE31 /* AlgoPlayground.h in Headers */ = {isa = PBXBuildFile; fileRef = 76C61F622CDFFE4700B2AE31 /* AlgoPlayground.h */; settings = {ATTRIBUTES = (Public, ); }; };
		76C61F7A2CDFFF5000B2AE31 /* BinarySearch.swift in Sources */ = {isa = PBXBuildFile; fileRef = 76C61F792CDFFF5000B2AE31 /* BinarySearch.swift */; };
		76C61F7C2CE224AE00B2AE31 /* QuickSort.swift in Sources */ = {isa = PBXBuildFile; fileRef = 76C61F7B2CE224AE00B2AE31 /* QuickSort.swift */; };
		76E48F042CF88DC4004F8E7F /* ProductSum.swift in Sources */ = {isa = PBXBuildFile; fileRef = 76E48F032CF88DC4004F8E7F /* ProductSum.swift */; };
		76E4DC582CEE1CBD00C4F4D7 /* BranchSums.swift in Sources */ = {isa = PBXBuildFile; fileRef = 76E4DC572CEE1CBD00C4F4D7 /* BranchSums.swift */; };
		76E8848B2D01CE5E00B2D886 /* CaesarCipherEncryptor.swift in Sources */ = {isa = PBXBuildFile; fileRef = 76E8848A2D01CE5E00B2D886 /* CaesarCipherEncryptor.swift */; };
		76F664BB2CFB51AD00356E05 /* TandemBicycle.swift in Sources */ = {isa = PBXBuildFile; fileRef = 76F664BA2CFB51AD00356E05 /* TandemBicycle.swift */; };
/* End PBXBuildFile section */

/* Begin PBXContainerItemProxy section */
		76C61F692CDFFE4700B2AE31 /* PBXContainerItemProxy */ = {
			isa = PBXContainerItemProxy;
			containerPortal = 76C61F562CDFFE4700B2AE31 /* Project object */;
			proxyType = 1;
			remoteGlobalIDString = 76C61F5E2CDFFE4700B2AE31;
			remoteInfo = AlgoPlayground;
		};
/* End PBXContainerItemProxy section */

/* Begin PBXFileReference section */
		7614C0DC2CE2FC1A005F0F99 /* PalindromeChecker.swift */ = {isa = PBXFileReference; lastKnownFileType = sourcecode.swift; path = PalindromeChecker.swift; sourceTree = "<group>"; };
		761570972D072F410069C323 /* SelectionSort.swift */ = {isa = PBXFileReference; lastKnownFileType = sourcecode.swift; path = SelectionSort.swift; sourceTree = "<group>"; };
		7618A0E12CEB7F3D00E64E44 /* LinkedListRemoveDuplicate.swift */ = {isa = PBXFileReference; lastKnownFileType = sourcecode.swift; path = LinkedListRemoveDuplicate.swift; sourceTree = "<group>"; };
		761FA2C02CFF1D3200D8B054 /* BinaryTree.swift */ = {isa = PBXFileReference; lastKnownFileType = sourcecode.swift; path = BinaryTree.swift; sourceTree = "<group>"; };
		761FA2CB2CFF247C00D8B054 /* README.md */ = {isa = PBXFileReference; fileEncoding = 4; lastKnownFileType = net.daringfireball.markdown; name = README.md; path = ../README.md; sourceTree = "<group>"; };
		761FA2CD2CFF33D300D8B054 /* EvaluateExpression.swift */ = {isa = PBXFileReference; lastKnownFileType = sourcecode.swift; path = EvaluateExpression.swift; sourceTree = "<group>"; };
		762393292CF5F77B00F98205 /* MinimumWaitingTime.swift */ = {isa = PBXFileReference; lastKnownFileType = sourcecode.swift; path = MinimumWaitingTime.swift; sourceTree = "<group>"; };
		7642B8C52D09B24B00D52E60 /* FindClosestValue.swift */ = {isa = PBXFileReference; lastKnownFileType = sourcecode.swift; path = FindClosestValue.swift; sourceTree = "<group>"; };
		7642B8C72D09CC1F00D52E60 /* BSTConstruction.swift */ = {isa = PBXFileReference; lastKnownFileType = sourcecode.swift; path = BSTConstruction.swift; sourceTree = "<group>"; };
		764974652CE779030062B5FF /* DepthFirstSearch.swift */ = {isa = PBXFileReference; lastKnownFileType = sourcecode.swift; path = DepthFirstSearch.swift; sourceTree = "<group>"; };
		766148242CFD412000D25C99 /* NodeDepths.swift */ = {isa = PBXFileReference; lastKnownFileType = sourcecode.swift; path = NodeDepths.swift; sourceTree = "<group>"; };
		767CE11C2CF94F96007B8B75 /* OptimalFreelancing.swift */ = {isa = PBXFileReference; lastKnownFileType = sourcecode.swift; path = OptimalFreelancing.swift; sourceTree = "<group>"; };
		76824BD12CF411A500985AD2 /* ClassPhoto.swift */ = {isa = PBXFileReference; lastKnownFileType = sourcecode.swift; path = ClassPhoto.swift; sourceTree = "<group>"; };
		7695B97A2CE61CCD00336050 /* TwoNumberSum.swift */ = {isa = PBXFileReference; lastKnownFileType = sourcecode.swift; path = TwoNumberSum.swift; sourceTree = "<group>"; };
		76A3F8E22CF69C0B00833BFB /* InsertionSort.swift */ = {isa = PBXFileReference; lastKnownFileType = sourcecode.swift; path = InsertionSort.swift; sourceTree = "<group>"; };
		76BEEB312CF0B7D400C97275 /* Fibonacci.swift */ = {isa = PBXFileReference; lastKnownFileType = sourcecode.swift; path = Fibonacci.swift; sourceTree = "<group>"; };
		76C61F5F2CDFFE4700B2AE31 /* AlgoPlayground.framework */ = {isa = PBXFileReference; explicitFileType = wrapper.framework; includeInIndex = 0; path = AlgoPlayground.framework; sourceTree = BUILT_PRODUCTS_DIR; };
		76C61F622CDFFE4700B2AE31 /* AlgoPlayground.h */ = {isa = PBXFileReference; lastKnownFileType = sourcecode.c.h; path = AlgoPlayground.h; sourceTree = "<group>"; };
		76C61F672CDFFE4700B2AE31 /* AlgoPlaygroundTests.xctest */ = {isa = PBXFileReference; explicitFileType = wrapper.cfbundle; includeInIndex = 0; path = AlgoPlaygroundTests.xctest; sourceTree = BUILT_PRODUCTS_DIR; };
		76C61F792CDFFF5000B2AE31 /* BinarySearch.swift */ = {isa = PBXFileReference; lastKnownFileType = sourcecode.swift; path = BinarySearch.swift; sourceTree = "<group>"; };
		76C61F7B2CE224AE00B2AE31 /* QuickSort.swift */ = {isa = PBXFileReference; lastKnownFileType = sourcecode.swift; path = QuickSort.swift; sourceTree = "<group>"; };
		76E48F032CF88DC4004F8E7F /* ProductSum.swift */ = {isa = PBXFileReference; lastKnownFileType = sourcecode.swift; path = ProductSum.swift; sourceTree = "<group>"; };
		76E4DC572CEE1CBD00C4F4D7 /* BranchSums.swift */ = {isa = PBXFileReference; lastKnownFileType = sourcecode.swift; path = BranchSums.swift; sourceTree = "<group>"; };
		76E8848A2D01CE5E00B2D886 /* CaesarCipherEncryptor.swift */ = {isa = PBXFileReference; lastKnownFileType = sourcecode.swift; path = CaesarCipherEncryptor.swift; sourceTree = "<group>"; };
		76F664BA2CFB51AD00356E05 /* TandemBicycle.swift */ = {isa = PBXFileReference; lastKnownFileType = sourcecode.swift; path = TandemBicycle.swift; sourceTree = "<group>"; };
/* End PBXFileReference section */

/* Begin PBXFrameworksBuildPhase section */
		76C61F5C2CDFFE4700B2AE31 /* Frameworks */ = {
			isa = PBXFrameworksBuildPhase;
			buildActionMask = 2147483647;
			files = (
				761570902D05FB350069C323 /* swiftlint in Frameworks */,
			);
			runOnlyForDeploymentPostprocessing = 0;
		};
		76C61F642CDFFE4700B2AE31 /* Frameworks */ = {
			isa = PBXFrameworksBuildPhase;
			buildActionMask = 2147483647;
			files = (
				76C61F682CDFFE4700B2AE31 /* AlgoPlayground.framework in Frameworks */,
			);
			runOnlyForDeploymentPostprocessing = 0;
		};
/* End PBXFrameworksBuildPhase section */

/* Begin PBXGroup section */
		761FA2BF2CFF1D1A00D8B054 /* Models */ = {
			isa = PBXGroup;
			children = (
				761FA2C02CFF1D3200D8B054 /* BinaryTree.swift */,
			);
			path = Models;
			sourceTree = "<group>";
		};
		761FA2C22CFF201600D8B054 /* Arrays */ = {
			isa = PBXGroup;
			children = (
				7695B97A2CE61CCD00336050 /* TwoNumberSum.swift */,
			);
			path = Arrays;
			sourceTree = "<group>";
		};
		761FA2C32CFF20E900D8B054 /* Recursion */ = {
			isa = PBXGroup;
			children = (
				76E48F032CF88DC4004F8E7F /* ProductSum.swift */,
				76BEEB312CF0B7D400C97275 /* Fibonacci.swift */,
			);
			path = Recursion;
			sourceTree = "<group>";
		};
		761FA2C42CFF211600D8B054 /* LinkedLists */ = {
			isa = PBXGroup;
			children = (
				7618A0E12CEB7F3D00E64E44 /* LinkedListRemoveDuplicate.swift */,
			);
			path = LinkedLists;
			sourceTree = "<group>";
		};
		761FA2C52CFF215300D8B054 /* Sorting */ = {
			isa = PBXGroup;
			children = (
				76C61F7B2CE224AE00B2AE31 /* QuickSort.swift */,
				76A3F8E22CF69C0B00833BFB /* InsertionSort.swift */,
				761570972D072F410069C323 /* SelectionSort.swift */,
			);
			path = Sorting;
			sourceTree = "<group>";
		};
		761FA2C62CFF217F00D8B054 /* Searching */ = {
			isa = PBXGroup;
			children = (
				76C61F792CDFFF5000B2AE31 /* BinarySearch.swift */,
			);
			path = Searching;
			sourceTree = "<group>";
		};
		761FA2C72CFF21B200D8B054 /* Greedy */ = {
			isa = PBXGroup;
			children = (
				76F664BA2CFB51AD00356E05 /* TandemBicycle.swift */,
				767CE11C2CF94F96007B8B75 /* OptimalFreelancing.swift */,
				76824BD12CF411A500985AD2 /* ClassPhoto.swift */,
				762393292CF5F77B00F98205 /* MinimumWaitingTime.swift */,
			);
			path = Greedy;
			sourceTree = "<group>";
		};
		761FA2C82CFF21EE00D8B054 /* Graphs */ = {
			isa = PBXGroup;
			children = (
				764974652CE779030062B5FF /* DepthFirstSearch.swift */,
			);
			path = Graphs;
			sourceTree = "<group>";
		};
		761FA2C92CFF220D00D8B054 /* BinaryTrees */ = {
			isa = PBXGroup;
			children = (
				766148242CFD412000D25C99 /* NodeDepths.swift */,
				76E4DC572CEE1CBD00C4F4D7 /* BranchSums.swift */,
				761FA2CD2CFF33D300D8B054 /* EvaluateExpression.swift */,
				7642B8C52D09B24B00D52E60 /* FindClosestValue.swift */,
				7642B8C72D09CC1F00D52E60 /* BSTConstruction.swift */,
			);
			path = BinaryTrees;
			sourceTree = "<group>";
		};
		761FA2CA2CFF222C00D8B054 /* Strings */ = {
			isa = PBXGroup;
			children = (
				7614C0DC2CE2FC1A005F0F99 /* PalindromeChecker.swift */,
				76E8848A2D01CE5E00B2D886 /* CaesarCipherEncryptor.swift */,
			);
			path = Strings;
			sourceTree = "<group>";
		};
		76C61F552CDFFE4700B2AE31 = {
			isa = PBXGroup;
			children = (
				761FA2CB2CFF247C00D8B054 /* README.md */,
				76C61F612CDFFE4700B2AE31 /* AlgoPlayground */,
				76C61F6B2CDFFE4700B2AE31 /* AlgoPlaygroundTests */,
				76C61F602CDFFE4700B2AE31 /* Products */,
			);
			sourceTree = "<group>";
		};
		76C61F602CDFFE4700B2AE31 /* Products */ = {
			isa = PBXGroup;
			children = (
				76C61F5F2CDFFE4700B2AE31 /* AlgoPlayground.framework */,
				76C61F672CDFFE4700B2AE31 /* AlgoPlaygroundTests.xctest */,
			);
			name = Products;
			sourceTree = "<group>";
		};
		76C61F612CDFFE4700B2AE31 /* AlgoPlayground */ = {
			isa = PBXGroup;
			children = (
				761FA2BF2CFF1D1A00D8B054 /* Models */,
				76C61F622CDFFE4700B2AE31 /* AlgoPlayground.h */,
			);
			path = AlgoPlayground;
			sourceTree = "<group>";
		};
		76C61F6B2CDFFE4700B2AE31 /* AlgoPlaygroundTests */ = {
			isa = PBXGroup;
			children = (
				761FA2CA2CFF222C00D8B054 /* Strings */,
				761FA2C92CFF220D00D8B054 /* BinaryTrees */,
				761FA2C82CFF21EE00D8B054 /* Graphs */,
				761FA2C72CFF21B200D8B054 /* Greedy */,
				761FA2C62CFF217F00D8B054 /* Searching */,
				761FA2C52CFF215300D8B054 /* Sorting */,
				761FA2C42CFF211600D8B054 /* LinkedLists */,
				761FA2C32CFF20E900D8B054 /* Recursion */,
				761FA2C22CFF201600D8B054 /* Arrays */,
			);
			path = AlgoPlaygroundTests;
			sourceTree = "<group>";
		};
/* End PBXGroup section */

/* Begin PBXHeadersBuildPhase section */
		76C61F5A2CDFFE4700B2AE31 /* Headers */ = {
			isa = PBXHeadersBuildPhase;
			buildActionMask = 2147483647;
			files = (
				76C61F6E2CDFFE4700B2AE31 /* AlgoPlayground.h in Headers */,
			);
			runOnlyForDeploymentPostprocessing = 0;
		};
/* End PBXHeadersBuildPhase section */

/* Begin PBXNativeTarget section */
		76C61F5E2CDFFE4700B2AE31 /* AlgoPlayground */ = {
			isa = PBXNativeTarget;
			buildConfigurationList = 76C61F712CDFFE4700B2AE31 /* Build configuration list for PBXNativeTarget "AlgoPlayground" */;
			buildPhases = (
				76C61F5A2CDFFE4700B2AE31 /* Headers */,
				76C61F5B2CDFFE4700B2AE31 /* Sources */,
				76C61F5C2CDFFE4700B2AE31 /* Frameworks */,
				76C61F5D2CDFFE4700B2AE31 /* Resources */,
			);
			buildRules = (
			);
			dependencies = (
			);
			name = AlgoPlayground;
			packageProductDependencies = (
				7615708F2D05FB350069C323 /* swiftlint */,
			);
			productName = AlgoPlayground;
			productReference = 76C61F5F2CDFFE4700B2AE31 /* AlgoPlayground.framework */;
			productType = "com.apple.product-type.framework";
		};
		76C61F662CDFFE4700B2AE31 /* AlgoPlaygroundTests */ = {
			isa = PBXNativeTarget;
			buildConfigurationList = 76C61F742CDFFE4700B2AE31 /* Build configuration list for PBXNativeTarget "AlgoPlaygroundTests" */;
			buildPhases = (
				76C61F632CDFFE4700B2AE31 /* Sources */,
				76C61F642CDFFE4700B2AE31 /* Frameworks */,
				76C61F652CDFFE4700B2AE31 /* Resources */,
			);
			buildRules = (
			);
			dependencies = (
				761570962D06942A0069C323 /* PBXTargetDependency */,
				76C61F6A2CDFFE4700B2AE31 /* PBXTargetDependency */,
			);
			name = AlgoPlaygroundTests;
			productName = AlgoPlaygroundTests;
			productReference = 76C61F672CDFFE4700B2AE31 /* AlgoPlaygroundTests.xctest */;
			productType = "com.apple.product-type.bundle.unit-test";
		};
/* End PBXNativeTarget section */

/* Begin PBXProject section */
		76C61F562CDFFE4700B2AE31 /* Project object */ = {
			isa = PBXProject;
			attributes = {
				BuildIndependentTargetsInParallel = 1;
				LastSwiftUpdateCheck = 1540;
				LastUpgradeCheck = 1600;
				TargetAttributes = {
					76C61F5E2CDFFE4700B2AE31 = {
						CreatedOnToolsVersion = 15.4;
						LastSwiftMigration = 1540;
					};
					76C61F662CDFFE4700B2AE31 = {
						CreatedOnToolsVersion = 15.4;
					};
				};
			};
			buildConfigurationList = 76C61F592CDFFE4700B2AE31 /* Build configuration list for PBXProject "AlgoPlayground" */;
			compatibilityVersion = "Xcode 14.0";
			developmentRegion = en;
			hasScannedForEncodings = 0;
			knownRegions = (
				en,
				Base,
			);
			mainGroup = 76C61F552CDFFE4700B2AE31;
			packageReferences = (
				7615708E2D05FB350069C323 /* XCRemoteSwiftPackageReference "SwiftLint" */,
			);
			productRefGroup = 76C61F602CDFFE4700B2AE31 /* Products */;
			projectDirPath = "";
			projectRoot = "";
			targets = (
				76C61F5E2CDFFE4700B2AE31 /* AlgoPlayground */,
				76C61F662CDFFE4700B2AE31 /* AlgoPlaygroundTests */,
			);
		};
/* End PBXProject section */

/* Begin PBXResourcesBuildPhase section */
		76C61F5D2CDFFE4700B2AE31 /* Resources */ = {
			isa = PBXResourcesBuildPhase;
			buildActionMask = 2147483647;
			files = (
				761FA2CC2CFF247D00D8B054 /* README.md in Resources */,
			);
			runOnlyForDeploymentPostprocessing = 0;
		};
		76C61F652CDFFE4700B2AE31 /* Resources */ = {
			isa = PBXResourcesBuildPhase;
			buildActionMask = 2147483647;
			files = (
			);
			runOnlyForDeploymentPostprocessing = 0;
		};
/* End PBXResourcesBuildPhase section */

/* Begin PBXSourcesBuildPhase section */
		76C61F5B2CDFFE4700B2AE31 /* Sources */ = {
			isa = PBXSourcesBuildPhase;
			buildActionMask = 2147483647;
			files = (
				761FA2C12CFF1D3200D8B054 /* BinaryTree.swift in Sources */,
			);
			runOnlyForDeploymentPostprocessing = 0;
		};
		76C61F632CDFFE4700B2AE31 /* Sources */ = {
			isa = PBXSourcesBuildPhase;
			buildActionMask = 2147483647;
			files = (
				76BEEB322CF0B7D500C97275 /* Fibonacci.swift in Sources */,
				76E4DC582CEE1CBD00C4F4D7 /* BranchSums.swift in Sources */,
				76F664BB2CFB51AD00356E05 /* TandemBicycle.swift in Sources */,
				7614C0DD2CE2FC1A005F0F99 /* PalindromeChecker.swift in Sources */,
				76824BD22CF411A500985AD2 /* ClassPhoto.swift in Sources */,
				7695B97B2CE61CCD00336050 /* TwoNumberSum.swift in Sources */,
				767CE11D2CF94F96007B8B75 /* OptimalFreelancing.swift in Sources */,
				76E8848B2D01CE5E00B2D886 /* CaesarCipherEncryptor.swift in Sources */,
				7623932A2CF5F77B00F98205 /* MinimumWaitingTime.swift in Sources */,
				7618A0E22CEB7F3D00E64E44 /* LinkedListRemoveDuplicate.swift in Sources */,
				764974662CE779030062B5FF /* DepthFirstSearch.swift in Sources */,
				761FA2CE2CFF33D300D8B054 /* EvaluateExpression.swift in Sources */,
				76A3F8E32CF69C0B00833BFB /* InsertionSort.swift in Sources */,
				76E48F042CF88DC4004F8E7F /* ProductSum.swift in Sources */,
				7642B8C62D09B24B00D52E60 /* FindClosestValue.swift in Sources */,
				766148252CFD412000D25C99 /* NodeDepths.swift in Sources */,
				7642B8C82D09CC1F00D52E60 /* BSTConstruction.swift in Sources */,
				76C61F7A2CDFFF5000B2AE31 /* BinarySearch.swift in Sources */,
				761570982D072F410069C323 /* SelectionSort.swift in Sources */,
				76C61F7C2CE224AE00B2AE31 /* QuickSort.swift in Sources */,
			);
			runOnlyForDeploymentPostprocessing = 0;
		};
/* End PBXSourcesBuildPhase section */

/* Begin PBXTargetDependency section */
		761570962D06942A0069C323 /* PBXTargetDependency */ = {
			isa = PBXTargetDependency;
			productRef = 761570952D06942A0069C323 /* SwiftLintBuildToolPlugin */;
		};
		76C61F6A2CDFFE4700B2AE31 /* PBXTargetDependency */ = {
			isa = PBXTargetDependency;
			target = 76C61F5E2CDFFE4700B2AE31 /* AlgoPlayground */;
			targetProxy = 76C61F692CDFFE4700B2AE31 /* PBXContainerItemProxy */;
		};
/* End PBXTargetDependency section */

/* Begin XCBuildConfiguration section */
		76C61F6F2CDFFE4700B2AE31 /* Debug */ = {
			isa = XCBuildConfiguration;
			buildSettings = {
				ALWAYS_SEARCH_USER_PATHS = NO;
				ASSETCATALOG_COMPILER_GENERATE_SWIFT_ASSET_SYMBOL_EXTENSIONS = YES;
				CLANG_ANALYZER_NONNULL = YES;
				CLANG_ANALYZER_NUMBER_OBJECT_CONVERSION = YES_AGGRESSIVE;
				CLANG_CXX_LANGUAGE_STANDARD = "gnu++20";
				CLANG_ENABLE_MODULES = YES;
				CLANG_ENABLE_OBJC_ARC = YES;
				CLANG_ENABLE_OBJC_WEAK = YES;
				CLANG_WARN_BLOCK_CAPTURE_AUTORELEASING = YES;
				CLANG_WARN_BOOL_CONVERSION = YES;
				CLANG_WARN_COMMA = YES;
				CLANG_WARN_CONSTANT_CONVERSION = YES;
				CLANG_WARN_DEPRECATED_OBJC_IMPLEMENTATIONS = YES;
				CLANG_WARN_DIRECT_OBJC_ISA_USAGE = YES_ERROR;
				CLANG_WARN_DOCUMENTATION_COMMENTS = YES;
				CLANG_WARN_EMPTY_BODY = YES;
				CLANG_WARN_ENUM_CONVERSION = YES;
				CLANG_WARN_INFINITE_RECURSION = YES;
				CLANG_WARN_INT_CONVERSION = YES;
				CLANG_WARN_NON_LITERAL_NULL_CONVERSION = YES;
				CLANG_WARN_OBJC_IMPLICIT_RETAIN_SELF = YES;
				CLANG_WARN_OBJC_LITERAL_CONVERSION = YES;
				CLANG_WARN_OBJC_ROOT_CLASS = YES_ERROR;
				CLANG_WARN_QUOTED_INCLUDE_IN_FRAMEWORK_HEADER = YES;
				CLANG_WARN_RANGE_LOOP_ANALYSIS = YES;
				CLANG_WARN_STRICT_PROTOTYPES = YES;
				CLANG_WARN_SUSPICIOUS_MOVE = YES;
				CLANG_WARN_UNGUARDED_AVAILABILITY = YES_AGGRESSIVE;
				CLANG_WARN_UNREACHABLE_CODE = YES;
				CLANG_WARN__DUPLICATE_METHOD_MATCH = YES;
				COPY_PHASE_STRIP = NO;
				CURRENT_PROJECT_VERSION = 1;
				DEBUG_INFORMATION_FORMAT = dwarf;
				ENABLE_STRICT_OBJC_MSGSEND = YES;
				ENABLE_TESTABILITY = YES;
				ENABLE_USER_SCRIPT_SANDBOXING = YES;
				GCC_C_LANGUAGE_STANDARD = gnu17;
				GCC_DYNAMIC_NO_PIC = NO;
				GCC_NO_COMMON_BLOCKS = YES;
				GCC_OPTIMIZATION_LEVEL = 0;
				GCC_PREPROCESSOR_DEFINITIONS = (
					"DEBUG=1",
					"$(inherited)",
				);
				GCC_WARN_64_TO_32_BIT_CONVERSION = YES;
				GCC_WARN_ABOUT_RETURN_TYPE = YES_ERROR;
				GCC_WARN_UNDECLARED_SELECTOR = YES;
				GCC_WARN_UNINITIALIZED_AUTOS = YES_AGGRESSIVE;
				GCC_WARN_UNUSED_FUNCTION = YES;
				GCC_WARN_UNUSED_VARIABLE = YES;
				IPHONEOS_DEPLOYMENT_TARGET = 17.5;
				LOCALIZATION_PREFERS_STRING_CATALOGS = YES;
				MACOSX_DEPLOYMENT_TARGET = 14.6;
				MTL_ENABLE_DEBUG_INFO = INCLUDE_SOURCE;
				MTL_FAST_MATH = YES;
				ONLY_ACTIVE_ARCH = YES;
				SDKROOT = macosx;
				SWIFT_ACTIVE_COMPILATION_CONDITIONS = "DEBUG $(inherited)";
				SWIFT_OPTIMIZATION_LEVEL = "-Onone";
				VERSIONING_SYSTEM = "apple-generic";
				VERSION_INFO_PREFIX = "";
			};
			name = Debug;
		};
		76C61F702CDFFE4700B2AE31 /* Release */ = {
			isa = XCBuildConfiguration;
			buildSettings = {
				ALWAYS_SEARCH_USER_PATHS = NO;
				ASSETCATALOG_COMPILER_GENERATE_SWIFT_ASSET_SYMBOL_EXTENSIONS = YES;
				CLANG_ANALYZER_NONNULL = YES;
				CLANG_ANALYZER_NUMBER_OBJECT_CONVERSION = YES_AGGRESSIVE;
				CLANG_CXX_LANGUAGE_STANDARD = "gnu++20";
				CLANG_ENABLE_MODULES = YES;
				CLANG_ENABLE_OBJC_ARC = YES;
				CLANG_ENABLE_OBJC_WEAK = YES;
				CLANG_WARN_BLOCK_CAPTURE_AUTORELEASING = YES;
				CLANG_WARN_BOOL_CONVERSION = YES;
				CLANG_WARN_COMMA = YES;
				CLANG_WARN_CONSTANT_CONVERSION = YES;
				CLANG_WARN_DEPRECATED_OBJC_IMPLEMENTATIONS = YES;
				CLANG_WARN_DIRECT_OBJC_ISA_USAGE = YES_ERROR;
				CLANG_WARN_DOCUMENTATION_COMMENTS = YES;
				CLANG_WARN_EMPTY_BODY = YES;
				CLANG_WARN_ENUM_CONVERSION = YES;
				CLANG_WARN_INFINITE_RECURSION = YES;
				CLANG_WARN_INT_CONVERSION = YES;
				CLANG_WARN_NON_LITERAL_NULL_CONVERSION = YES;
				CLANG_WARN_OBJC_IMPLICIT_RETAIN_SELF = YES;
				CLANG_WARN_OBJC_LITERAL_CONVERSION = YES;
				CLANG_WARN_OBJC_ROOT_CLASS = YES_ERROR;
				CLANG_WARN_QUOTED_INCLUDE_IN_FRAMEWORK_HEADER = YES;
				CLANG_WARN_RANGE_LOOP_ANALYSIS = YES;
				CLANG_WARN_STRICT_PROTOTYPES = YES;
				CLANG_WARN_SUSPICIOUS_MOVE = YES;
				CLANG_WARN_UNGUARDED_AVAILABILITY = YES_AGGRESSIVE;
				CLANG_WARN_UNREACHABLE_CODE = YES;
				CLANG_WARN__DUPLICATE_METHOD_MATCH = YES;
				COPY_PHASE_STRIP = NO;
				CURRENT_PROJECT_VERSION = 1;
				DEBUG_INFORMATION_FORMAT = "dwarf-with-dsym";
				ENABLE_NS_ASSERTIONS = NO;
				ENABLE_STRICT_OBJC_MSGSEND = YES;
				ENABLE_USER_SCRIPT_SANDBOXING = YES;
				GCC_C_LANGUAGE_STANDARD = gnu17;
				GCC_NO_COMMON_BLOCKS = YES;
				GCC_WARN_64_TO_32_BIT_CONVERSION = YES;
				GCC_WARN_ABOUT_RETURN_TYPE = YES_ERROR;
				GCC_WARN_UNDECLARED_SELECTOR = YES;
				GCC_WARN_UNINITIALIZED_AUTOS = YES_AGGRESSIVE;
				GCC_WARN_UNUSED_FUNCTION = YES;
				GCC_WARN_UNUSED_VARIABLE = YES;
				IPHONEOS_DEPLOYMENT_TARGET = 17.5;
				LOCALIZATION_PREFERS_STRING_CATALOGS = YES;
				MACOSX_DEPLOYMENT_TARGET = 14.6;
				MTL_ENABLE_DEBUG_INFO = NO;
				MTL_FAST_MATH = YES;
				SDKROOT = macosx;
				SWIFT_COMPILATION_MODE = wholemodule;
				VALIDATE_PRODUCT = YES;
				VERSIONING_SYSTEM = "apple-generic";
				VERSION_INFO_PREFIX = "";
			};
			name = Release;
		};
		76C61F722CDFFE4700B2AE31 /* Debug */ = {
			isa = XCBuildConfiguration;
			buildSettings = {
				BUILD_LIBRARY_FOR_DISTRIBUTION = YES;
				CLANG_ENABLE_MODULES = YES;
				CODE_SIGN_IDENTITY = "";
				CODE_SIGN_STYLE = Automatic;
				CURRENT_PROJECT_VERSION = 1;
				DEFINES_MODULE = YES;
				DEVELOPMENT_TEAM = F342975UV4;
				DYLIB_COMPATIBILITY_VERSION = 1;
				DYLIB_CURRENT_VERSION = 1;
				DYLIB_INSTALL_NAME_BASE = "@rpath";
				ENABLE_MODULE_VERIFIER = YES;
				GENERATE_INFOPLIST_FILE = YES;
				INFOPLIST_KEY_NSHumanReadableCopyright = "";
				INSTALL_PATH = "$(LOCAL_LIBRARY_DIR)/Frameworks";
				LD_RUNPATH_SEARCH_PATHS = (
					"$(inherited)",
					"@executable_path/Frameworks",
					"@loader_path/Frameworks",
				);
				MACOSX_DEPLOYMENT_TARGET = "$(RECOMMENDED_MACOSX_DEPLOYMENT_TARGET)";
				MARKETING_VERSION = 1.0;
				MODULE_VERIFIER_SUPPORTED_LANGUAGES = "objective-c objective-c++";
				MODULE_VERIFIER_SUPPORTED_LANGUAGE_STANDARDS = "gnu17 gnu++20";
				PRODUCT_BUNDLE_IDENTIFIER = com.ferhedio.AlgoPlayground;
				PRODUCT_NAME = "$(TARGET_NAME:c99extidentifier)";
				SKIP_INSTALL = YES;
				SWIFT_EMIT_LOC_STRINGS = YES;
				SWIFT_INSTALL_OBJC_HEADER = NO;
				SWIFT_OPTIMIZATION_LEVEL = "-Onone";
				SWIFT_VERSION = 5.0;
				TARGETED_DEVICE_FAMILY = "1,2";
			};
			name = Debug;
		};
		76C61F732CDFFE4700B2AE31 /* Release */ = {
			isa = XCBuildConfiguration;
			buildSettings = {
				BUILD_LIBRARY_FOR_DISTRIBUTION = YES;
				CLANG_ENABLE_MODULES = YES;
				CODE_SIGN_IDENTITY = "";
				CODE_SIGN_STYLE = Automatic;
				CURRENT_PROJECT_VERSION = 1;
				DEFINES_MODULE = YES;
				DEVELOPMENT_TEAM = F342975UV4;
				DYLIB_COMPATIBILITY_VERSION = 1;
				DYLIB_CURRENT_VERSION = 1;
				DYLIB_INSTALL_NAME_BASE = "@rpath";
				ENABLE_MODULE_VERIFIER = YES;
				GENERATE_INFOPLIST_FILE = YES;
				INFOPLIST_KEY_NSHumanReadableCopyright = "";
				INSTALL_PATH = "$(LOCAL_LIBRARY_DIR)/Frameworks";
				LD_RUNPATH_SEARCH_PATHS = (
					"$(inherited)",
					"@executable_path/Frameworks",
					"@loader_path/Frameworks",
				);
				MACOSX_DEPLOYMENT_TARGET = "$(RECOMMENDED_MACOSX_DEPLOYMENT_TARGET)";
				MARKETING_VERSION = 1.0;
				MODULE_VERIFIER_SUPPORTED_LANGUAGES = "objective-c objective-c++";
				MODULE_VERIFIER_SUPPORTED_LANGUAGE_STANDARDS = "gnu17 gnu++20";
				PRODUCT_BUNDLE_IDENTIFIER = com.ferhedio.AlgoPlayground;
				PRODUCT_NAME = "$(TARGET_NAME:c99extidentifier)";
				SKIP_INSTALL = YES;
				SWIFT_EMIT_LOC_STRINGS = YES;
				SWIFT_INSTALL_OBJC_HEADER = NO;
				SWIFT_VERSION = 5.0;
				TARGETED_DEVICE_FAMILY = "1,2";
			};
			name = Release;
		};
		76C61F752CDFFE4700B2AE31 /* Debug */ = {
			isa = XCBuildConfiguration;
			buildSettings = {
				CODE_SIGN_STYLE = Automatic;
				CURRENT_PROJECT_VERSION = 1;
				DEVELOPMENT_TEAM = F342975UV4;
				GENERATE_INFOPLIST_FILE = YES;
				MACOSX_DEPLOYMENT_TARGET = "$(RECOMMENDED_MACOSX_DEPLOYMENT_TARGET)";
				MARKETING_VERSION = 1.0;
				PRODUCT_BUNDLE_IDENTIFIER = com.ferhedio.AlgoPlaygroundTests;
				PRODUCT_NAME = "$(TARGET_NAME)";
				SWIFT_EMIT_LOC_STRINGS = NO;
				SWIFT_VERSION = 5.0;
				TARGETED_DEVICE_FAMILY = "1,2";
			};
			name = Debug;
		};
		76C61F762CDFFE4700B2AE31 /* Release */ = {
			isa = XCBuildConfiguration;
			buildSettings = {
				CODE_SIGN_STYLE = Automatic;
				CURRENT_PROJECT_VERSION = 1;
				DEVELOPMENT_TEAM = F342975UV4;
				GENERATE_INFOPLIST_FILE = YES;
				MACOSX_DEPLOYMENT_TARGET = "$(RECOMMENDED_MACOSX_DEPLOYMENT_TARGET)";
				MARKETING_VERSION = 1.0;
				PRODUCT_BUNDLE_IDENTIFIER = com.ferhedio.AlgoPlaygroundTests;
				PRODUCT_NAME = "$(TARGET_NAME)";
				SWIFT_EMIT_LOC_STRINGS = NO;
				SWIFT_VERSION = 5.0;
				TARGETED_DEVICE_FAMILY = "1,2";
			};
			name = Release;
		};
/* End XCBuildConfiguration section */

/* Begin XCConfigurationList section */
		76C61F592CDFFE4700B2AE31 /* Build configuration list for PBXProject "AlgoPlayground" */ = {
			isa = XCConfigurationList;
			buildConfigurations = (
				76C61F6F2CDFFE4700B2AE31 /* Debug */,
				76C61F702CDFFE4700B2AE31 /* Release */,
			);
			defaultConfigurationIsVisible = 0;
			defaultConfigurationName = Release;
		};
		76C61F712CDFFE4700B2AE31 /* Build configuration list for PBXNativeTarget "AlgoPlayground" */ = {
			isa = XCConfigurationList;
			buildConfigurations = (
				76C61F722CDFFE4700B2AE31 /* Debug */,
				76C61F732CDFFE4700B2AE31 /* Release */,
			);
			defaultConfigurationIsVisible = 0;
			defaultConfigurationName = Release;
		};
		76C61F742CDFFE4700B2AE31 /* Build configuration list for PBXNativeTarget "AlgoPlaygroundTests" */ = {
			isa = XCConfigurationList;
			buildConfigurations = (
				76C61F752CDFFE4700B2AE31 /* Debug */,
				76C61F762CDFFE4700B2AE31 /* Release */,
			);
			defaultConfigurationIsVisible = 0;
			defaultConfigurationName = Release;
		};
/* End XCConfigurationList section */

/* Begin XCRemoteSwiftPackageReference section */
		7615708E2D05FB350069C323 /* XCRemoteSwiftPackageReference "SwiftLint" */ = {
			isa = XCRemoteSwiftPackageReference;
			repositoryURL = "https://github.com/realm/SwiftLint.git";
			requirement = {
				kind = upToNextMajorVersion;
				minimumVersion = 0.57.1;
			};
		};
/* End XCRemoteSwiftPackageReference section */

/* Begin XCSwiftPackageProductDependency section */
		7615708F2D05FB350069C323 /* swiftlint */ = {
			isa = XCSwiftPackageProductDependency;
			package = 7615708E2D05FB350069C323 /* XCRemoteSwiftPackageReference "SwiftLint" */;
			productName = swiftlint;
		};
		761570952D06942A0069C323 /* SwiftLintBuildToolPlugin */ = {
			isa = XCSwiftPackageProductDependency;
			package = 7615708E2D05FB350069C323 /* XCRemoteSwiftPackageReference "SwiftLint" */;
			productName = "plugin:SwiftLintBuildToolPlugin";
		};
/* End XCSwiftPackageProductDependency section */
	};
	rootObject = 76C61F562CDFFE4700B2AE31 /* Project object */;
}
